<?xml version="1.0" encoding="utf-8"?>
<Project ToolsVersion="4.0" xmlns="http://schemas.microsoft.com/developer/msbuild/2003">
  <ItemGroup>
    <Filter Include="PrintEngine">
      <UniqueIdentifier>{c4189b39-20de-4690-b5cd-fd8ced6d34aa}</UniqueIdentifier>
    </Filter>
    <Filter Include="DrawEngine">
      <UniqueIdentifier>{557cf836-6417-4e16-880e-2fc30309d857}</UniqueIdentifier>
    </Filter>
  </ItemGroup>
  <ItemGroup>
    <ClCompile Include="PrintEngine\cPrintEngine.cpp">
      <Filter>PrintEngine</Filter>
    </ClCompile>
    <ClCompile Include="cmd.cpp" />
    <ClCompile Include="cMemory.cpp" />
    <ClCompile Include="main.cpp" />
    <ClCompile Include="DrawEngine\cDraw.cpp">
      <Filter>DrawEngine</Filter>
    </ClCompile>
  </ItemGroup>
  <ItemGroup>
    <ClInclude Include="PrintEngine\cPrintEngine.h">
      <Filter>PrintEngine</Filter>
    </ClInclude>
    <ClInclude Include="cMemory.h" />
    <ClInclude Include="cSettings.h" />
    <ClInclude Include="main.h" />
    <ClInclude Include="DrawEngine\cDraw.h">
      <Filter>DrawEngine</Filter>
    </ClInclude>
  </ItemGroup>
  <ItemGroup>
    <Text Include="Offsets.txt" />
  </ItemGroup>
</Project>